
Microsoft Visual Studio Solution File, Format Version 12.00
# Visual Studio Express 15 for Windows Desktop
VisualStudioVersion = 15.0.28307.1831
MinimumVisualStudioVersion = 10.0.40219.1
Project("{8BC9CEB8-8B4A-11D0-8D11-00A0C91BC942}") = "sem2_lab1", "sem2_lab1\sem2_lab1.vcxproj", "{2961D6D4-C21F-4D0C-A7B4-19ED96F8ACC6}"
EndProject
Global
	GlobalSection(SolutionConfigurationPlatforms) = preSolution
		Debug|x64 = Debug|x64
		Debug|x86 = Debug|x86
		Release|x64 = Release|x64
		Release|x86 = Release|x86
	EndGlobalSection
	GlobalSection(ProjectConfigurationPlatforms) = postSolution
		{2961D6D4-C21F-4D0C-A7B4-19ED96F8ACC6}.Debug|x64.ActiveCfg = Debug|x64
		{2961D6D4-C21F-4D0C-A7B4-19ED96F8ACC6}.Debug|x64.Build.0 = Debug|x64
		{2961D6D4-C21F-4D0C-A7B4-19ED96F8ACC6}.Debug|x86.ActiveCfg = Debug|Win32
		{2961D6D4-C21F-4D0C-A7B4-19ED96F8ACC6}.Debug|x86.Build.0 = Debug|Win32
		{2961D6D4-C21F-4D0C-A7B4-19ED96F8ACC6}.Release|x64.ActiveCfg = Release|x64
		{2961D6D4-C21F-4D0C-A7B4-19ED96F8ACC6}.Release|x64.Build.0 = Release|x64
		{2961D6D4-C21F-4D0C-A7B4-19ED96F8ACC6}.Release|x86.ActiveCfg = Release|Win32
		{2961D6D4-C21F-4D0C-A7B4-19ED96F8ACC6}.Release|x86.Build.0 = Release|Win32
	EndGlobalSection
	GlobalSection(SolutionProperties) = preSolution
		HideSolutionNode = FALSE
	EndGlobalSection
	GlobalSection(ExtensibilityGlobals) = postSolution
		SolutionGuid = {6EA5F1C0-E189-48B6-A6BB-A3BB55B31026}
	EndGlobalSection
EndGlobal
