
Microsoft Visual Studio Solution File, Format Version 12.00
# Visual Studio Express 15 for Windows Desktop
VisualStudioVersion = 15.0.28307.1831
MinimumVisualStudioVersion = 10.0.40219.1
Project("{8BC9CEB8-8B4A-11D0-8D11-00A0C91BC942}") = "sem1_lab5_oaip", "sem1_lab5_oaip\sem1_lab5_oaip.vcxproj", "{96F10CF3-156A-49D9-90DB-4D03DDD46FD9}"
EndProject
Global
	GlobalSection(SolutionConfigurationPlatforms) = preSolution
		Debug|x64 = Debug|x64
		Debug|x86 = Debug|x86
		Release|x64 = Release|x64
		Release|x86 = Release|x86
	EndGlobalSection
	GlobalSection(ProjectConfigurationPlatforms) = postSolution
		{96F10CF3-156A-49D9-90DB-4D03DDD46FD9}.Debug|x64.ActiveCfg = Debug|x64
		{96F10CF3-156A-49D9-90DB-4D03DDD46FD9}.Debug|x64.Build.0 = Debug|x64
		{96F10CF3-156A-49D9-90DB-4D03DDD46FD9}.Debug|x86.ActiveCfg = Debug|Win32
		{96F10CF3-156A-49D9-90DB-4D03DDD46FD9}.Debug|x86.Build.0 = Debug|Win32
		{96F10CF3-156A-49D9-90DB-4D03DDD46FD9}.Release|x64.ActiveCfg = Release|x64
		{96F10CF3-156A-49D9-90DB-4D03DDD46FD9}.Release|x64.Build.0 = Release|x64
		{96F10CF3-156A-49D9-90DB-4D03DDD46FD9}.Release|x86.ActiveCfg = Release|Win32
		{96F10CF3-156A-49D9-90DB-4D03DDD46FD9}.Release|x86.Build.0 = Release|Win32
	EndGlobalSection
	GlobalSection(SolutionProperties) = preSolution
		HideSolutionNode = FALSE
	EndGlobalSection
	GlobalSection(ExtensibilityGlobals) = postSolution
		SolutionGuid = {8F19453B-FF47-4A76-84C0-0F716F9B0FE3}
	EndGlobalSection
EndGlobal
